
Microsoft Visual Studio Solution File, Format Version 12.00
# Visual Studio 2013
VisualStudioVersion = 12.0.21005.1
MinimumVisualStudioVersion = 10.0.40219.1
Project("{8BC9CEB8-8B4A-11D0-8D11-00A0C91BC942}") = "QueryProcessingEngine", "QueryProcessingEngine\QueryProcessingEngine.vcxproj", "{38406C81-D6F6-401A-8B08-84FB29EC02AB}"
EndProject
Global
	GlobalSection(SolutionConfigurationPlatforms) = preSolution
		Debug|Win32 = Debug|Win32
		Release|Win32 = Release|Win32
	EndGlobalSection
	GlobalSection(ProjectConfigurationPlatforms) = postSolution
		{38406C81-D6F6-401A-8B08-84FB29EC02AB}.Debug|Win32.ActiveCfg = Debug|Win32
		{38406C81-D6F6-401A-8B08-84FB29EC02AB}.Debug|Win32.Build.0 = Debug|Win32
		{38406C81-D6F6-401A-8B08-84FB29EC02AB}.Release|Win32.ActiveCfg = Release|Win32
		{38406C81-D6F6-401A-8B08-84FB29EC02AB}.Release|Win32.Build.0 = Release|Win32
	EndGlobalSection
	GlobalSection(SolutionProperties) = preSolution
		HideSolutionNode = FALSE
	EndGlobalSection
EndGlobal
